// !$*UTF8*$!
{
	archiveVersion = 1;
	classes = {
	};
	objectVersion = 77;
	objects = {

/* Begin PBXBuildFile section */
		17B0AF382D85959000FFC120 /* FirebaseAuth in Frameworks */ = {isa = PBXBuildFile; productRef = 17B0AF372D85959000FFC120 /* FirebaseAuth */; };
		17B0AF3A2D85959500FFC120 /* FirebaseCore in Frameworks */ = {isa = PBXBuildFile; productRef = 17B0AF392D85959500FFC120 /* FirebaseCore */; };
		17B0AF3C2D8595A100FFC120 /* FirebaseFirestore in Frameworks */ = {isa = PBXBuildFile; productRef = 17B0AF3B2D8595A100FFC120 /* FirebaseFirestore */; };
		17B0AF3E2D8595C300FFC120 /* FirebaseAnalytics in Frameworks */ = {isa = PBXBuildFile; productRef = 17B0AF3D2D8595C300FFC120 /* FirebaseAnalytics */; };
/* End PBXBuildFile section */

/* Begin PBXContainerItemProxy section */
		17B0AF042D8577BA00FFC120 /* PBXContainerItemProxy */ = {
			isa = PBXContainerItemProxy;
			containerPortal = 17B0AEEA2D8577B900FFC120 /* Project object */;
			proxyType = 1;
			remoteGlobalIDString = 17B0AEF12D8577B900FFC120;
			remoteInfo = todo_app;
		};
		17B0AF0E2D8577BA00FFC120 /* PBXContainerItemProxy */ = {
			isa = PBXContainerItemProxy;
			containerPortal = 17B0AEEA2D8577B900FFC120 /* Project object */;
			proxyType = 1;
			remoteGlobalIDString = 17B0AEF12D8577B900FFC120;
			remoteInfo = todo_app;
		};
/* End PBXContainerItemProxy section */

/* Begin PBXFileReference section */
		17B0AEF22D8577B900FFC120 /* todo_app.app */ = {isa = PBXFileReference; explicitFileType = wrapper.application; includeInIndex = 0; path = todo_app.app; sourceTree = BUILT_PRODUCTS_DIR; };
		17B0AF032D8577BA00FFC120 /* todo_appTests.xctest */ = {isa = PBXFileReference; explicitFileType = wrapper.cfbundle; includeInIndex = 0; path = todo_appTests.xctest; sourceTree = BUILT_PRODUCTS_DIR; };
		17B0AF0D2D8577BA00FFC120 /* todo_appUITests.xctest */ = {isa = PBXFileReference; explicitFileType = wrapper.cfbundle; includeInIndex = 0; path = todo_appUITests.xctest; sourceTree = BUILT_PRODUCTS_DIR; };
/* End PBXFileReference section */

/* Begin PBXFileSystemSynchronizedRootGroup section */
		17B0AEF42D8577B900FFC120 /* todo_app */ = {
			isa = PBXFileSystemSynchronizedRootGroup;
			path = todo_app;
			sourceTree = "<group>";
		};
		17B0AF062D8577BA00FFC120 /* todo_appTests */ = {
			isa = PBXFileSystemSynchronizedRootGroup;
			path = todo_appTests;
			sourceTree = "<group>";
		};
		17B0AF102D8577BA00FFC120 /* todo_appUITests */ = {
			isa = PBXFileSystemSynchronizedRootGroup;
			path = todo_appUITests;
			sourceTree = "<group>";
		};
/* End PBXFileSystemSynchronizedRootGroup section */

/* Begin PBXFrameworksBuildPhase section */
		17B0AEEF2D8577B900FFC120 /* Frameworks */ = {
			isa = PBXFrameworksBuildPhase;
			buildActionMask = 2147483647;
			files = (
				17B0AF3A2D85959500FFC120 /* FirebaseCore in Frameworks */,
				17B0AF382D85959000FFC120 /* FirebaseAuth in Frameworks */,
				17B0AF3E2D8595C300FFC120 /* FirebaseAnalytics in Frameworks */,
				17B0AF3C2D8595A100FFC120 /* FirebaseFirestore in Frameworks */,
			);
			runOnlyForDeploymentPostprocessing = 0;
		};
		17B0AF002D8577BA00FFC120 /* Frameworks */ = {
			isa = PBXFrameworksBuildPhase;
			buildActionMask = 2147483647;
			files = (
			);
			runOnlyForDeploymentPostprocessing = 0;
		};
		17B0AF0A2D8577BA00FFC120 /* Frameworks */ = {
			isa = PBXFrameworksBuildPhase;
			buildActionMask = 2147483647;
			files = (
			);
			runOnlyForDeploymentPostprocessing = 0;
		};
/* End PBXFrameworksBuildPhase section */

/* Begin PBXGroup section */
		17B0AEE92D8577B900FFC120 = {
			isa = PBXGroup;
			children = (
				17B0AEF42D8577B900FFC120 /* todo_app */,
				17B0AF062D8577BA00FFC120 /* todo_appTests */,
				17B0AF102D8577BA00FFC120 /* todo_appUITests */,
				17B0AF362D85959000FFC120 /* Frameworks */,
				17B0AEF32D8577B900FFC120 /* Products */,
			);
			sourceTree = "<group>";
		};
		17B0AEF32D8577B900FFC120 /* Products */ = {
			isa = PBXGroup;
			children = (
				17B0AEF22D8577B900FFC120 /* todo_app.app */,
				17B0AF032D8577BA00FFC120 /* todo_appTests.xctest */,
				17B0AF0D2D8577BA00FFC120 /* todo_appUITests.xctest */,
			);
			name = Products;
			sourceTree = "<group>";
		};
		17B0AF362D85959000FFC120 /* Frameworks */ = {
			isa = PBXGroup;
			children = (
			);
			name = Frameworks;
			sourceTree = "<group>";
		};
/* End PBXGroup section */

/* Begin PBXNativeTarget section */
		17B0AEF12D8577B900FFC120 /* todo_app */ = {
			isa = PBXNativeTarget;
			buildConfigurationList = 17B0AF172D8577BA00FFC120 /* Build configuration list for PBXNativeTarget "todo_app" */;
			buildPhases = (
				17B0AEEE2D8577B900FFC120 /* Sources */,
				17B0AEEF2D8577B900FFC120 /* Frameworks */,
				17B0AEF02D8577B900FFC120 /* Resources */,
			);
			buildRules = (
			);
			dependencies = (
			);
			fileSystemSynchronizedGroups = (
				17B0AEF42D8577B900FFC120 /* todo_app */,
			);
			name = todo_app;
			packageProductDependencies = (
				17B0AF372D85959000FFC120 /* FirebaseAuth */,
				17B0AF392D85959500FFC120 /* FirebaseCore */,
				17B0AF3B2D8595A100FFC120 /* FirebaseFirestore */,
				17B0AF3D2D8595C300FFC120 /* FirebaseAnalytics */,
			);
			productName = todo_app;
			productReference = 17B0AEF22D8577B900FFC120 /* todo_app.app */;
			productType = "com.apple.product-type.application";
		};
		17B0AF022D8577BA00FFC120 /* todo_appTests */ = {
			isa = PBXNativeTarget;
			buildConfigurationList = 17B0AF1A2D8577BA00FFC120 /* Build configuration list for PBXNativeTarget "todo_appTests" */;
			buildPhases = (
				17B0AEFF2D8577BA00FFC120 /* Sources */,
				17B0AF002D8577BA00FFC120 /* Frameworks */,
				17B0AF012D8577BA00FFC120 /* Resources */,
			);
			buildRules = (
			);
			dependencies = (
				17B0AF052D8577BA00FFC120 /* PBXTargetDependency */,
			);
			fileSystemSynchronizedGroups = (
				17B0AF062D8577BA00FFC120 /* todo_appTests */,
			);
			name = todo_appTests;
			packageProductDependencies = (
			);
			productName = todo_appTests;
			productReference = 17B0AF032D8577BA00FFC120 /* todo_appTests.xctest */;
			productType = "com.apple.product-type.bundle.unit-test";
		};
		17B0AF0C2D8577BA00FFC120 /* todo_appUITests */ = {
			isa = PBXNativeTarget;
			buildConfigurationList = 17B0AF1D2D8577BA00FFC120 /* Build configuration list for PBXNativeTarget "todo_appUITests" */;
			buildPhases = (
				17B0AF092D8577BA00FFC120 /* Sources */,
				17B0AF0A2D8577BA00FFC120 /* Frameworks */,
				17B0AF0B2D8577BA00FFC120 /* Resources */,
			);
			buildRules = (
			);
			dependencies = (
				17B0AF0F2D8577BA00FFC120 /* PBXTargetDependency */,
			);
			fileSystemSynchronizedGroups = (
				17B0AF102D8577BA00FFC120 /* todo_appUITests */,
			);
			name = todo_appUITests;
			packageProductDependencies = (
			);
			productName = todo_appUITests;
			productReference = 17B0AF0D2D8577BA00FFC120 /* todo_appUITests.xctest */;
			productType = "com.apple.product-type.bundle.ui-testing";
		};
/* End PBXNativeTarget section */

/* Begin PBXProject section */
		17B0AEEA2D8577B900FFC120 /* Project object */ = {
			isa = PBXProject;
			attributes = {
				BuildIndependentTargetsInParallel = 1;
				LastSwiftUpdateCheck = 1620;
				LastUpgradeCheck = 1620;
				TargetAttributes = {
					17B0AEF12D8577B900FFC120 = {
						CreatedOnToolsVersion = 16.2;
					};
					17B0AF022D8577BA00FFC120 = {
						CreatedOnToolsVersion = 16.2;
						TestTargetID = 17B0AEF12D8577B900FFC120;
					};
					17B0AF0C2D8577BA00FFC120 = {
						CreatedOnToolsVersion = 16.2;
						TestTargetID = 17B0AEF12D8577B900FFC120;
					};
				};
			};
			buildConfigurationList = 17B0AEED2D8577B900FFC120 /* Build configuration list for PBXProject "todo_app" */;
			developmentRegion = en;
			hasScannedForEncodings = 0;
			knownRegions = (
				en,
				Base,
			);
			mainGroup = 17B0AEE92D8577B900FFC120;
			minimizedProjectReferenceProxies = 1;
			packageReferences = (
				17B0AF352D8592DC00FFC120 /* XCRemoteSwiftPackageReference "firebase-ios-sdk" */,
			);
			preferredProjectObjectVersion = 77;
			productRefGroup = 17B0AEF32D8577B900FFC120 /* Products */;
			projectDirPath = "";
			projectRoot = "";
			targets = (
				17B0AEF12D8577B900FFC120 /* todo_app */,
				17B0AF022D8577BA00FFC120 /* todo_appTests */,
				17B0AF0C2D8577BA00FFC120 /* todo_appUITests */,
			);
		};
/* End PBXProject section */

/* Begin PBXResourcesBuildPhase section */
		17B0AEF02D8577B900FFC120 /* Resources */ = {
			isa = PBXResourcesBuildPhase;
			buildActionMask = 2147483647;
			files = (
			);
			runOnlyForDeploymentPostprocessing = 0;
		};
		17B0AF012D8577BA00FFC120 /* Resources */ = {
			isa = PBXResourcesBuildPhase;
			buildActionMask = 2147483647;
			files = (
			);
			runOnlyForDeploymentPostprocessing = 0;
		};
		17B0AF0B2D8577BA00FFC120 /* Resources */ = {
			isa = PBXResourcesBuildPhase;
			buildActionMask = 2147483647;
			files = (
			);
			runOnlyForDeploymentPostprocessing = 0;
		};
/* End PBXResourcesBuildPhase section */

/* Begin PBXSourcesBuildPhase section */
		17B0AEEE2D8577B900FFC120 /* Sources */ = {
			isa = PBXSourcesBuildPhase;
			buildActionMask = 2147483647;
			files = (
			);
			runOnlyForDeploymentPostprocessing = 0;
		};
		17B0AEFF2D8577BA00FFC120 /* Sources */ = {
			isa = PBXSourcesBuildPhase;
			buildActionMask = 2147483647;
			files = (
			);
			runOnlyForDeploymentPostprocessing = 0;
		};
		17B0AF092D8577BA00FFC120 /* Sources */ = {
			isa = PBXSourcesBuildPhase;
			buildActionMask = 2147483647;
			files = (
			);
			runOnlyForDeploymentPostprocessing = 0;
		};
/* End PBXSourcesBuildPhase section */

/* Begin PBXTargetDependency section */
		17B0AF052D8577BA00FFC120 /* PBXTargetDependency */ = {
			isa = PBXTargetDependency;
			target = 17B0AEF12D8577B900FFC120 /* todo_app */;
			targetProxy = 17B0AF042D8577BA00FFC120 /* PBXContainerItemProxy */;
		};
		17B0AF0F2D8577BA00FFC120 /* PBXTargetDependency */ = {
			isa = PBXTargetDependency;
			target = 17B0AEF12D8577B900FFC120 /* todo_app */;
			targetProxy = 17B0AF0E2D8577BA00FFC120 /* PBXContainerItemProxy */;
		};
/* End PBXTargetDependency section */

/* Begin XCBuildConfiguration section */
		17B0AF152D8577BA00FFC120 /* Debug */ = {
			isa = XCBuildConfiguration;
			buildSettings = {
				ALWAYS_SEARCH_USER_PATHS = NO;
				ASSETCATALOG_COMPILER_GENERATE_SWIFT_ASSET_SYMBOL_EXTENSIONS = YES;
				CLANG_ANALYZER_NONNULL = YES;
				CLANG_ANALYZER_NUMBER_OBJECT_CONVERSION = YES_AGGRESSIVE;
				CLANG_CXX_LANGUAGE_STANDARD = "gnu++20";
				CLANG_ENABLE_MODULES = YES;
				CLANG_ENABLE_OBJC_ARC = YES;
				CLANG_ENABLE_OBJC_WEAK = YES;
				CLANG_WARN_BLOCK_CAPTURE_AUTORELEASING = YES;
				CLANG_WARN_BOOL_CONVERSION = YES;
				CLANG_WARN_COMMA = YES;
				CLANG_WARN_CONSTANT_CONVERSION = YES;
				CLANG_WARN_DEPRECATED_OBJC_IMPLEMENTATIONS = YES;
				CLANG_WARN_DIRECT_OBJC_ISA_USAGE = YES_ERROR;
				CLANG_WARN_DOCUMENTATION_COMMENTS = YES;
				CLANG_WARN_EMPTY_BODY = YES;
				CLANG_WARN_ENUM_CONVERSION = YES;
				CLANG_WARN_INFINITE_RECURSION = YES;
				CLANG_WARN_INT_CONVERSION = YES;
				CLANG_WARN_NON_LITERAL_NULL_CONVERSION = YES;
				CLANG_WARN_OBJC_IMPLICIT_RETAIN_SELF = YES;
				CLANG_WARN_OBJC_LITERAL_CONVERSION = YES;
				CLANG_WARN_OBJC_ROOT_CLASS = YES_ERROR;
				CLANG_WARN_QUOTED_INCLUDE_IN_FRAMEWORK_HEADER = YES;
				CLANG_WARN_RANGE_LOOP_ANALYSIS = YES;
				CLANG_WARN_STRICT_PROTOTYPES = YES;
				CLANG_WARN_SUSPICIOUS_MOVE = YES;
				CLANG_WARN_UNGUARDED_AVAILABILITY = YES_AGGRESSIVE;
				CLANG_WARN_UNREACHABLE_CODE = YES;
				CLANG_WARN__DUPLICATE_METHOD_MATCH = YES;
				COPY_PHASE_STRIP = NO;
				DEBUG_INFORMATION_FORMAT = dwarf;
				ENABLE_STRICT_OBJC_MSGSEND = YES;
				ENABLE_TESTABILITY = YES;
				ENABLE_USER_SCRIPT_SANDBOXING = YES;
				GCC_C_LANGUAGE_STANDARD = gnu17;
				GCC_DYNAMIC_NO_PIC = NO;
				GCC_NO_COMMON_BLOCKS = YES;
				GCC_OPTIMIZATION_LEVEL = 0;
				GCC_PREPROCESSOR_DEFINITIONS = (
					"DEBUG=1",
					"$(inherited)",
				);
				GCC_WARN_64_TO_32_BIT_CONVERSION = YES;
				GCC_WARN_ABOUT_RETURN_TYPE = YES_ERROR;
				GCC_WARN_UNDECLARED_SELECTOR = YES;
				GCC_WARN_UNINITIALIZED_AUTOS = YES_AGGRESSIVE;
				GCC_WARN_UNUSED_FUNCTION = YES;
				GCC_WARN_UNUSED_VARIABLE = YES;
				LOCALIZATION_PREFERS_STRING_CATALOGS = YES;
				MTL_ENABLE_DEBUG_INFO = INCLUDE_SOURCE;
				MTL_FAST_MATH = YES;
				ONLY_ACTIVE_ARCH = YES;
				SWIFT_ACTIVE_COMPILATION_CONDITIONS = "DEBUG $(inherited)";
				SWIFT_OPTIMIZATION_LEVEL = "-Onone";
			};
			name = Debug;
		};
		17B0AF162D8577BA00FFC120 /* Release */ = {
			isa = XCBuildConfiguration;
			buildSettings = {
				ALWAYS_SEARCH_USER_PATHS = NO;
				ASSETCATALOG_COMPILER_GENERATE_SWIFT_ASSET_SYMBOL_EXTENSIONS = YES;
				CLANG_ANALYZER_NONNULL = YES;
				CLANG_ANALYZER_NUMBER_OBJECT_CONVERSION = YES_AGGRESSIVE;
				CLANG_CXX_LANGUAGE_STANDARD = "gnu++20";
				CLANG_ENABLE_MODULES = YES;
				CLANG_ENABLE_OBJC_ARC = YES;
				CLANG_ENABLE_OBJC_WEAK = YES;
				CLANG_WARN_BLOCK_CAPTURE_AUTORELEASING = YES;
				CLANG_WARN_BOOL_CONVERSION = YES;
				CLANG_WARN_COMMA = YES;
				CLANG_WARN_CONSTANT_CONVERSION = YES;
				CLANG_WARN_DEPRECATED_OBJC_IMPLEMENTATIONS = YES;
				CLANG_WARN_DIRECT_OBJC_ISA_USAGE = YES_ERROR;
				CLANG_WARN_DOCUMENTATION_COMMENTS = YES;
				CLANG_WARN_EMPTY_BODY = YES;
				CLANG_WARN_ENUM_CONVERSION = YES;
				CLANG_WARN_INFINITE_RECURSION = YES;
				CLANG_WARN_INT_CONVERSION = YES;
				CLANG_WARN_NON_LITERAL_NULL_CONVERSION = YES;
				CLANG_WARN_OBJC_IMPLICIT_RETAIN_SELF = YES;
				CLANG_WARN_OBJC_LITERAL_CONVERSION = YES;
				CLANG_WARN_OBJC_ROOT_CLASS = YES_ERROR;
				CLANG_WARN_QUOTED_INCLUDE_IN_FRAMEWORK_HEADER = YES;
				CLANG_WARN_RANGE_LOOP_ANALYSIS = YES;
				CLANG_WARN_STRICT_PROTOTYPES = YES;
				CLANG_WARN_SUSPICIOUS_MOVE = YES;
				CLANG_WARN_UNGUARDED_AVAILABILITY = YES_AGGRESSIVE;
				CLANG_WARN_UNREACHABLE_CODE = YES;
				CLANG_WARN__DUPLICATE_METHOD_MATCH = YES;
				COPY_PHASE_STRIP = NO;
				DEBUG_INFORMATION_FORMAT = "dwarf-with-dsym";
				ENABLE_NS_ASSERTIONS = NO;
				ENABLE_STRICT_OBJC_MSGSEND = YES;
				ENABLE_USER_SCRIPT_SANDBOXING = YES;
				GCC_C_LANGUAGE_STANDARD = gnu17;
				GCC_NO_COMMON_BLOCKS = YES;
				GCC_WARN_64_TO_32_BIT_CONVERSION = YES;
				GCC_WARN_ABOUT_RETURN_TYPE = YES_ERROR;
				GCC_WARN_UNDECLARED_SELECTOR = YES;
				GCC_WARN_UNINITIALIZED_AUTOS = YES_AGGRESSIVE;
				GCC_WARN_UNUSED_FUNCTION = YES;
				GCC_WARN_UNUSED_VARIABLE = YES;
				LOCALIZATION_PREFERS_STRING_CATALOGS = YES;
				MTL_ENABLE_DEBUG_INFO = NO;
				MTL_FAST_MATH = YES;
				SWIFT_COMPILATION_MODE = wholemodule;
			};
			name = Release;
		};
		17B0AF182D8577BA00FFC120 /* Debug */ = {
			isa = XCBuildConfiguration;
			buildSettings = {
				ASSETCATALOG_COMPILER_APPICON_NAME = AppIcon;
				ASSETCATALOG_COMPILER_GLOBAL_ACCENT_COLOR_NAME = AccentColor;
				CODE_SIGN_ENTITLEMENTS = todo_app/todo_app.entitlements;
				CODE_SIGN_STYLE = Automatic;
				CURRENT_PROJECT_VERSION = 1;
				DEVELOPMENT_ASSET_PATHS = "\"todo_app/Preview Content\"";
				DEVELOPMENT_TEAM = BKNWT97JRM;
				ENABLE_HARDENED_RUNTIME = YES;
				ENABLE_PREVIEWS = YES;
				GENERATE_INFOPLIST_FILE = YES;
				"INFOPLIST_KEY_UIApplicationSceneManifest_Generation[sdk=iphoneos*]" = YES;
				"INFOPLIST_KEY_UIApplicationSceneManifest_Generation[sdk=iphonesimulator*]" = YES;
				"INFOPLIST_KEY_UIApplicationSupportsIndirectInputEvents[sdk=iphoneos*]" = YES;
				"INFOPLIST_KEY_UIApplicationSupportsIndirectInputEvents[sdk=iphonesimulator*]" = YES;
				"INFOPLIST_KEY_UILaunchScreen_Generation[sdk=iphoneos*]" = YES;
				"INFOPLIST_KEY_UILaunchScreen_Generation[sdk=iphonesimulator*]" = YES;
				"INFOPLIST_KEY_UIStatusBarStyle[sdk=iphoneos*]" = UIStatusBarStyleDefault;
				"INFOPLIST_KEY_UIStatusBarStyle[sdk=iphonesimulator*]" = UIStatusBarStyleDefault;
				INFOPLIST_KEY_UISupportedInterfaceOrientations_iPad = "UIInterfaceOrientationPortrait UIInterfaceOrientationPortraitUpsideDown UIInterfaceOrientationLandscapeLeft UIInterfaceOrientationLandscapeRight";
				INFOPLIST_KEY_UISupportedInterfaceOrientations_iPhone = "UIInterfaceOrientationPortrait UIInterfaceOrientationLandscapeLeft UIInterfaceOrientationLandscapeRight";
				IPHONEOS_DEPLOYMENT_TARGET = 18.2;
				LD_RUNPATH_SEARCH_PATHS = "@executable_path/Frameworks";
				"LD_RUNPATH_SEARCH_PATHS[sdk=macosx*]" = "@executable_path/../Frameworks";
				MACOSX_DEPLOYMENT_TARGET = 15.2;
				MARKETING_VERSION = 1.0;
				PRODUCT_BUNDLE_IDENTIFIER = "hg.todo-app";
				PRODUCT_NAME = "$(TARGET_NAME)";
				SDKROOT = auto;
				SUPPORTED_PLATFORMS = "iphoneos iphonesimulator macosx xros xrsimulator";
				SWIFT_EMIT_LOC_STRINGS = YES;
				SWIFT_VERSION = 5.0;
				TARGETED_DEVICE_FAMILY = "1,2,7";
				XROS_DEPLOYMENT_TARGET = 2.2;
			};
			name = Debug;
		};
		17B0AF192D8577BA00FFC120 /* Release */ = {
			isa = XCBuildConfiguration;
			buildSettings = {
				ASSETCATALOG_COMPILER_APPICON_NAME = AppIcon;
				ASSETCATALOG_COMPILER_GLOBAL_ACCENT_COLOR_NAME = AccentColor;
				CODE_SIGN_ENTITLEMENTS = todo_app/todo_app.entitlements;
				CODE_SIGN_STYLE = Automatic;
				CURRENT_PROJECT_VERSION = 1;
				DEVELOPMENT_ASSET_PATHS = "\"todo_app/Preview Content\"";
				DEVELOPMENT_TEAM = BKNWT97JRM;
				ENABLE_HARDENED_RUNTIME = YES;
				ENABLE_PREVIEWS = YES;
				GENERATE_INFOPLIST_FILE = YES;
				"INFOPLIST_KEY_UIApplicationSceneManifest_Generation[sdk=iphoneos*]" = YES;
				"INFOPLIST_KEY_UIApplicationSceneManifest_Generation[sdk=iphonesimulator*]" = YES;
				"INFOPLIST_KEY_UIApplicationSupportsIndirectInputEvents[sdk=iphoneos*]" = YES;
				"INFOPLIST_KEY_UIApplicationSupportsIndirectInputEvents[sdk=iphonesimulator*]" = YES;
				"INFOPLIST_KEY_UILaunchScreen_Generation[sdk=iphoneos*]" = YES;
				"INFOPLIST_KEY_UILaunchScreen_Generation[sdk=iphonesimulator*]" = YES;
				"INFOPLIST_KEY_UIStatusBarStyle[sdk=iphoneos*]" = UIStatusBarStyleDefault;
				"INFOPLIST_KEY_UIStatusBarStyle[sdk=iphonesimulator*]" = UIStatusBarStyleDefault;
				INFOPLIST_KEY_UISupportedInterfaceOrientations_iPad = "UIInterfaceOrientationPortrait UIInterfaceOrientationPortraitUpsideDown UIInterfaceOrientationLandscapeLeft UIInterfaceOrientationLandscapeRight";
				INFOPLIST_KEY_UISupportedInterfaceOrientations_iPhone = "UIInterfaceOrientationPortrait UIInterfaceOrientationLandscapeLeft UIInterfaceOrientationLandscapeRight";
				IPHONEOS_DEPLOYMENT_TARGET = 18.2;
				LD_RUNPATH_SEARCH_PATHS = "@executable_path/Frameworks";
				"LD_RUNPATH_SEARCH_PATHS[sdk=macosx*]" = "@executable_path/../Frameworks";
				MACOSX_DEPLOYMENT_TARGET = 15.2;
				MARKETING_VERSION = 1.0;
				PRODUCT_BUNDLE_IDENTIFIER = "hg.todo-app";
				PRODUCT_NAME = "$(TARGET_NAME)";
				SDKROOT = auto;
				SUPPORTED_PLATFORMS = "iphoneos iphonesimulator macosx xros xrsimulator";
				SWIFT_EMIT_LOC_STRINGS = YES;
				SWIFT_VERSION = 5.0;
				TARGETED_DEVICE_FAMILY = "1,2,7";
				XROS_DEPLOYMENT_TARGET = 2.2;
			};
			name = Release;
		};
		17B0AF1B2D8577BA00FFC120 /* Debug */ = {
			isa = XCBuildConfiguration;
			buildSettings = {
				BUNDLE_LOADER = "$(TEST_HOST)";
				CODE_SIGN_STYLE = Automatic;
				CURRENT_PROJECT_VERSION = 1;
				DEVELOPMENT_TEAM = BKNWT97JRM;
				GENERATE_INFOPLIST_FILE = YES;
				IPHONEOS_DEPLOYMENT_TARGET = 18.2;
				MACOSX_DEPLOYMENT_TARGET = 15.2;
				MARKETING_VERSION = 1.0;
				PRODUCT_BUNDLE_IDENTIFIER = "hg.todo-appTests";
				PRODUCT_NAME = "$(TARGET_NAME)";
				SDKROOT = auto;
				SUPPORTED_PLATFORMS = "iphoneos iphonesimulator macosx xros xrsimulator";
				SWIFT_EMIT_LOC_STRINGS = NO;
				SWIFT_VERSION = 5.0;
				TARGETED_DEVICE_FAMILY = "1,2,7";
				TEST_HOST = "$(BUILT_PRODUCTS_DIR)/todo_app.app/$(BUNDLE_EXECUTABLE_FOLDER_PATH)/todo_app";
				XROS_DEPLOYMENT_TARGET = 2.2;
			};
			name = Debug;
		};
		17B0AF1C2D8577BA00FFC120 /* Release */ = {
			isa = XCBuildConfiguration;
			buildSettings = {
				BUNDLE_LOADER = "$(TEST_HOST)";
				CODE_SIGN_STYLE = Automatic;
				CURRENT_PROJECT_VERSION = 1;
				DEVELOPMENT_TEAM = BKNWT97JRM;
				GENERATE_INFOPLIST_FILE = YES;
				IPHONEOS_DEPLOYMENT_TARGET = 18.2;
				MACOSX_DEPLOYMENT_TARGET = 15.2;
				MARKETING_VERSION = 1.0;
				PRODUCT_BUNDLE_IDENTIFIER = "hg.todo-appTests";
				PRODUCT_NAME = "$(TARGET_NAME)";
				SDKROOT = auto;
				SUPPORTED_PLATFORMS = "iphoneos iphonesimulator macosx xros xrsimulator";
				SWIFT_EMIT_LOC_STRINGS = NO;
				SWIFT_VERSION = 5.0;
				TARGETED_DEVICE_FAMILY = "1,2,7";
				TEST_HOST = "$(BUILT_PRODUCTS_DIR)/todo_app.app/$(BUNDLE_EXECUTABLE_FOLDER_PATH)/todo_app";
				XROS_DEPLOYMENT_TARGET = 2.2;
			};
			name = Release;
		};
		17B0AF1E2D8577BA00FFC120 /* Debug */ = {
			isa = XCBuildConfiguration;
			buildSettings = {
				CODE_SIGN_STYLE = Automatic;
				CURRENT_PROJECT_VERSION = 1;
				DEVELOPMENT_TEAM = BKNWT97JRM;
				GENERATE_INFOPLIST_FILE = YES;
				IPHONEOS_DEPLOYMENT_TARGET = 18.2;
				MACOSX_DEPLOYMENT_TARGET = 15.2;
				MARKETING_VERSION = 1.0;
				PRODUCT_BUNDLE_IDENTIFIER = "hg.todo-appUITests";
				PRODUCT_NAME = "$(TARGET_NAME)";
				SDKROOT = auto;
				SUPPORTED_PLATFORMS = "iphoneos iphonesimulator macosx xros xrsimulator";
				SWIFT_EMIT_LOC_STRINGS = NO;
				SWIFT_VERSION = 5.0;
				TARGETED_DEVICE_FAMILY = "1,2,7";
				TEST_TARGET_NAME = todo_app;
				XROS_DEPLOYMENT_TARGET = 2.2;
			};
			name = Debug;
		};
		17B0AF1F2D8577BA00FFC120 /* Release */ = {
			isa = XCBuildConfiguration;
			buildSettings = {
				CODE_SIGN_STYLE = Automatic;
				CURRENT_PROJECT_VERSION = 1;
				DEVELOPMENT_TEAM = BKNWT97JRM;
				GENERATE_INFOPLIST_FILE = YES;
				IPHONEOS_DEPLOYMENT_TARGET = 18.2;
				MACOSX_DEPLOYMENT_TARGET = 15.2;
				MARKETING_VERSION = 1.0;
				PRODUCT_BUNDLE_IDENTIFIER = "hg.todo-appUITests";
				PRODUCT_NAME = "$(TARGET_NAME)";
				SDKROOT = auto;
				SUPPORTED_PLATFORMS = "iphoneos iphonesimulator macosx xros xrsimulator";
				SWIFT_EMIT_LOC_STRINGS = NO;
				SWIFT_VERSION = 5.0;
				TARGETED_DEVICE_FAMILY = "1,2,7";
				TEST_TARGET_NAME = todo_app;
				XROS_DEPLOYMENT_TARGET = 2.2;
			};
			name = Release;
		};
/* End XCBuildConfiguration section */

/* Begin XCConfigurationList section */
		17B0AEED2D8577B900FFC120 /* Build configuration list for PBXProject "todo_app" */ = {
			isa = XCConfigurationList;
			buildConfigurations = (
				17B0AF152D8577BA00FFC120 /* Debug */,
				17B0AF162D8577BA00FFC120 /* Release */,
			);
			defaultConfigurationIsVisible = 0;
			defaultConfigurationName = Release;
		};
		17B0AF172D8577BA00FFC120 /* Build configuration list for PBXNativeTarget "todo_app" */ = {
			isa = XCConfigurationList;
			buildConfigurations = (
				17B0AF182D8577BA00FFC120 /* Debug */,
				17B0AF192D8577BA00FFC120 /* Release */,
			);
			defaultConfigurationIsVisible = 0;
			defaultConfigurationName = Release;
		};
		17B0AF1A2D8577BA00FFC120 /* Build configuration list for PBXNativeTarget "todo_appTests" */ = {
			isa = XCConfigurationList;
			buildConfigurations = (
				17B0AF1B2D8577BA00FFC120 /* Debug */,
				17B0AF1C2D8577BA00FFC120 /* Release */,
			);
			defaultConfigurationIsVisible = 0;
			defaultConfigurationName = Release;
		};
		17B0AF1D2D8577BA00FFC120 /* Build configuration list for PBXNativeTarget "todo_appUITests" */ = {
			isa = XCConfigurationList;
			buildConfigurations = (
				17B0AF1E2D8577BA00FFC120 /* Debug */,
				17B0AF1F2D8577BA00FFC120 /* Release */,
			);
			defaultConfigurationIsVisible = 0;
			defaultConfigurationName = Release;
		};
/* End XCConfigurationList section */

/* Begin XCRemoteSwiftPackageReference section */
		17B0AF352D8592DC00FFC120 /* XCRemoteSwiftPackageReference "firebase-ios-sdk" */ = {
			isa = XCRemoteSwiftPackageReference;
			repositoryURL = "https://github.com/firebase/firebase-ios-sdk";
			requirement = {
				kind = upToNextMajorVersion;
				minimumVersion = 11.9.0;
			};
		};
/* End XCRemoteSwiftPackageReference section */

/* Begin XCSwiftPackageProductDependency section */
		17B0AF372D85959000FFC120 /* FirebaseAuth */ = {
			isa = XCSwiftPackageProductDependency;
			package = 17B0AF352D8592DC00FFC120 /* XCRemoteSwiftPackageReference "firebase-ios-sdk" */;
			productName = FirebaseAuth;
		};
		17B0AF392D85959500FFC120 /* FirebaseCore */ = {
			isa = XCSwiftPackageProductDependency;
			package = 17B0AF352D8592DC00FFC120 /* XCRemoteSwiftPackageReference "firebase-ios-sdk" */;
			productName = FirebaseCore;
		};
		17B0AF3B2D8595A100FFC120 /* FirebaseFirestore */ = {
			isa = XCSwiftPackageProductDependency;
			package = 17B0AF352D8592DC00FFC120 /* XCRemoteSwiftPackageReference "firebase-ios-sdk" */;
			productName = FirebaseFirestore;
		};
		17B0AF3D2D8595C300FFC120 /* FirebaseAnalytics */ = {
			isa = XCSwiftPackageProductDependency;
			package = 17B0AF352D8592DC00FFC120 /* XCRemoteSwiftPackageReference "firebase-ios-sdk" */;
			productName = FirebaseAnalytics;
		};
/* End XCSwiftPackageProductDependency section */
	};
	rootObject = 17B0AEEA2D8577B900FFC120 /* Project object */;
}
